
Microsoft Visual Studio Solution File, Format Version 12.00
# Visual Studio 15
VisualStudioVersion = 15.0.28307.852
MinimumVisualStudioVersion = 10.0.40219.1
Project("{FAE04EC0-301F-11D3-BF4B-00C04F79EFBC}") = "Ficha7", "Ficha7\Ficha7.csproj", "{DBD4A3DA-7B7E-4F50-A57A-21AB616FCA4D}"
EndProject
Global
	GlobalSection(SolutionConfigurationPlatforms) = preSolution
		Debug|Any CPU = Debug|Any CPU
		Release|Any CPU = Release|Any CPU
	EndGlobalSection
	GlobalSection(ProjectConfigurationPlatforms) = postSolution
		{DBD4A3DA-7B7E-4F50-A57A-21AB616FCA4D}.Debug|Any CPU.ActiveCfg = Debug|Any CPU
		{DBD4A3DA-7B7E-4F50-A57A-21AB616FCA4D}.Debug|Any CPU.Build.0 = Debug|Any CPU
		{DBD4A3DA-7B7E-4F50-A57A-21AB616FCA4D}.Release|Any CPU.ActiveCfg = Release|Any CPU
		{DBD4A3DA-7B7E-4F50-A57A-21AB616FCA4D}.Release|Any CPU.Build.0 = Release|Any CPU
	EndGlobalSection
	GlobalSection(SolutionProperties) = preSolution
		HideSolutionNode = FALSE
	EndGlobalSection
	GlobalSection(ExtensibilityGlobals) = postSolution
		SolutionGuid = {FA5746AA-C2CB-4B52-89E7-768AA5302FE7}
	EndGlobalSection
EndGlobal
