
Microsoft Visual Studio Solution File, Format Version 12.00
# Visual Studio 15
VisualStudioVersion = 15.0.28307.489
MinimumVisualStudioVersion = 10.0.40219.1
Project("{8BC9CEB8-8B4A-11D0-8D11-00A0C91BC942}") = "TP_SO2_Client", "TP_SO2_Client\TP_SO2_Client.vcxproj", "{C752B004-8E76-4241-A3F6-58330DC66BD6}"
EndProject
Project("{8BC9CEB8-8B4A-11D0-8D11-00A0C91BC942}") = "TP_SO2_Server", "TP_SO2_Server\TP_SO2_Server.vcxproj", "{CD40B1EC-FA5B-4449-AB51-DA5A7C581AA0}"
EndProject
Project("{8BC9CEB8-8B4A-11D0-8D11-00A0C91BC942}") = "TP_SO2_DLL", "TP_SO2_DLL\TP_SO2_DLL.vcxproj", "{F6906ECC-8EBF-4907-8453-E5B4E0A2C12D}"
EndProject
Global
	GlobalSection(SolutionConfigurationPlatforms) = preSolution
		Debug|x64 = Debug|x64
		Debug|x86 = Debug|x86
		Release|x64 = Release|x64
		Release|x86 = Release|x86
	EndGlobalSection
	GlobalSection(ProjectConfigurationPlatforms) = postSolution
		{C752B004-8E76-4241-A3F6-58330DC66BD6}.Debug|x64.ActiveCfg = Debug|x64
		{C752B004-8E76-4241-A3F6-58330DC66BD6}.Debug|x64.Build.0 = Debug|x64
		{C752B004-8E76-4241-A3F6-58330DC66BD6}.Debug|x86.ActiveCfg = Debug|Win32
		{C752B004-8E76-4241-A3F6-58330DC66BD6}.Debug|x86.Build.0 = Debug|Win32
		{C752B004-8E76-4241-A3F6-58330DC66BD6}.Release|x64.ActiveCfg = Release|x64
		{C752B004-8E76-4241-A3F6-58330DC66BD6}.Release|x64.Build.0 = Release|x64
		{C752B004-8E76-4241-A3F6-58330DC66BD6}.Release|x86.ActiveCfg = Release|Win32
		{C752B004-8E76-4241-A3F6-58330DC66BD6}.Release|x86.Build.0 = Release|Win32
		{CD40B1EC-FA5B-4449-AB51-DA5A7C581AA0}.Debug|x64.ActiveCfg = Debug|x64
		{CD40B1EC-FA5B-4449-AB51-DA5A7C581AA0}.Debug|x64.Build.0 = Debug|x64
		{CD40B1EC-FA5B-4449-AB51-DA5A7C581AA0}.Debug|x86.ActiveCfg = Debug|Win32
		{CD40B1EC-FA5B-4449-AB51-DA5A7C581AA0}.Debug|x86.Build.0 = Debug|Win32
		{CD40B1EC-FA5B-4449-AB51-DA5A7C581AA0}.Release|x64.ActiveCfg = Release|x64
		{CD40B1EC-FA5B-4449-AB51-DA5A7C581AA0}.Release|x64.Build.0 = Release|x64
		{CD40B1EC-FA5B-4449-AB51-DA5A7C581AA0}.Release|x86.ActiveCfg = Release|Win32
		{CD40B1EC-FA5B-4449-AB51-DA5A7C581AA0}.Release|x86.Build.0 = Release|Win32
		{F6906ECC-8EBF-4907-8453-E5B4E0A2C12D}.Debug|x64.ActiveCfg = Debug|x64
		{F6906ECC-8EBF-4907-8453-E5B4E0A2C12D}.Debug|x64.Build.0 = Debug|x64
		{F6906ECC-8EBF-4907-8453-E5B4E0A2C12D}.Debug|x86.ActiveCfg = Debug|Win32
		{F6906ECC-8EBF-4907-8453-E5B4E0A2C12D}.Debug|x86.Build.0 = Debug|Win32
		{F6906ECC-8EBF-4907-8453-E5B4E0A2C12D}.Release|x64.ActiveCfg = Release|x64
		{F6906ECC-8EBF-4907-8453-E5B4E0A2C12D}.Release|x64.Build.0 = Release|x64
		{F6906ECC-8EBF-4907-8453-E5B4E0A2C12D}.Release|x86.ActiveCfg = Release|Win32
		{F6906ECC-8EBF-4907-8453-E5B4E0A2C12D}.Release|x86.Build.0 = Release|Win32
	EndGlobalSection
	GlobalSection(SolutionProperties) = preSolution
		HideSolutionNode = FALSE
	EndGlobalSection
	GlobalSection(ExtensibilityGlobals) = postSolution
		SolutionGuid = {8B3FFF26-C925-4DD3-ADFE-C1226282E8CD}
	EndGlobalSection
EndGlobal
