
Microsoft Visual Studio Solution File, Format Version 12.00
# Visual Studio Version 16
VisualStudioVersion = 16.0.29519.87
MinimumVisualStudioVersion = 10.0.40219.1
Project("{8BC9CEB8-8B4A-11D0-8D11-00A0C91BC942}") = "SO2_Thread", "SO2_Thread.vcxproj", "{E121164C-F144-4485-8671-827E34BFD3BA}"
EndProject
Global
	GlobalSection(SolutionConfigurationPlatforms) = preSolution
		Debug|x64 = Debug|x64
		Debug|x86 = Debug|x86
		Release|x64 = Release|x64
		Release|x86 = Release|x86
	EndGlobalSection
	GlobalSection(ProjectConfigurationPlatforms) = postSolution
		{E121164C-F144-4485-8671-827E34BFD3BA}.Debug|x64.ActiveCfg = Debug|x64
		{E121164C-F144-4485-8671-827E34BFD3BA}.Debug|x64.Build.0 = Debug|x64
		{E121164C-F144-4485-8671-827E34BFD3BA}.Debug|x86.ActiveCfg = Debug|Win32
		{E121164C-F144-4485-8671-827E34BFD3BA}.Debug|x86.Build.0 = Debug|Win32
		{E121164C-F144-4485-8671-827E34BFD3BA}.Release|x64.ActiveCfg = Release|x64
		{E121164C-F144-4485-8671-827E34BFD3BA}.Release|x64.Build.0 = Release|x64
		{E121164C-F144-4485-8671-827E34BFD3BA}.Release|x86.ActiveCfg = Release|Win32
		{E121164C-F144-4485-8671-827E34BFD3BA}.Release|x86.Build.0 = Release|Win32
	EndGlobalSection
	GlobalSection(SolutionProperties) = preSolution
		HideSolutionNode = FALSE
	EndGlobalSection
	GlobalSection(ExtensibilityGlobals) = postSolution
		SolutionGuid = {71B65D89-921D-4F77-B79C-BE409C4F6D88}
	EndGlobalSection
EndGlobal
