
Microsoft Visual Studio Solution File, Format Version 12.00
# Visual Studio 15
VisualStudioVersion = 15.0.28307.489
MinimumVisualStudioVersion = 10.0.40219.1
Project("{8BC9CEB8-8B4A-11D0-8D11-00A0C91BC942}") = "GothicTestDll", "GothicTestDll.vcxproj", "{B75D5FBA-891B-447D-8CF1-174829A22513}"
EndProject
Global
	GlobalSection(SolutionConfigurationPlatforms) = preSolution
		Debug|x64 = Debug|x64
		Debug|x86 = Debug|x86
		Release|x64 = Release|x64
		Release|x86 = Release|x86
	EndGlobalSection
	GlobalSection(ProjectConfigurationPlatforms) = postSolution
		{B75D5FBA-891B-447D-8CF1-174829A22513}.Debug|x64.ActiveCfg = Debug|x64
		{B75D5FBA-891B-447D-8CF1-174829A22513}.Debug|x64.Build.0 = Debug|x64
		{B75D5FBA-891B-447D-8CF1-174829A22513}.Debug|x86.ActiveCfg = Debug|Win32
		{B75D5FBA-891B-447D-8CF1-174829A22513}.Debug|x86.Build.0 = Debug|Win32
		{B75D5FBA-891B-447D-8CF1-174829A22513}.Release|x64.ActiveCfg = Release|x64
		{B75D5FBA-891B-447D-8CF1-174829A22513}.Release|x64.Build.0 = Release|x64
		{B75D5FBA-891B-447D-8CF1-174829A22513}.Release|x86.ActiveCfg = Release|Win32
		{B75D5FBA-891B-447D-8CF1-174829A22513}.Release|x86.Build.0 = Release|Win32
	EndGlobalSection
	GlobalSection(SolutionProperties) = preSolution
		HideSolutionNode = FALSE
	EndGlobalSection
	GlobalSection(ExtensibilityGlobals) = postSolution
		SolutionGuid = {55CE6D7C-2FA0-4116-A6A7-0D086786C0E5}
	EndGlobalSection
EndGlobal
