<?xml version="1.0" encoding="utf-8"?>
<Project ToolsVersion="4.0" xmlns="http://schemas.microsoft.com/developer/msbuild/2003">
  <ItemGroup>
    <Filter Include="Source Files">
      <UniqueIdentifier>{4FC737F1-C7A5-4376-A066-2A32D752A2FF}</UniqueIdentifier>
      <Extensions>cpp;c;cc;cxx;def;odl;idl;hpj;bat;asm;asmx</Extensions>
    </Filter>
    <Filter Include="Header Files">
      <UniqueIdentifier>{93995380-89BD-4b04-88EB-625FBE52EBFB}</UniqueIdentifier>
      <Extensions>h;hh;hpp;hxx;hm;inl;inc;ipp;xsd</Extensions>
    </Filter>
    <Filter Include="Resource Files">
      <UniqueIdentifier>{67DA6AB6-F800-4c08-8B7A-83BB121AAD01}</UniqueIdentifier>
      <Extensions>rc;ico;cur;bmp;dlg;rc2;rct;bin;rgs;gif;jpg;jpeg;jpe;resx;tiff;tif;png;wav;mfcribbon-ms</Extensions>
    </Filter>
    <Filter Include="Header Files\Spells">
      <UniqueIdentifier>{3b4476a3-7ee5-4831-aa21-b45f20e417b2}</UniqueIdentifier>
    </Filter>
    <Filter Include="Source Files\Spells">
      <UniqueIdentifier>{3edaaaba-ab64-437f-8e72-1f974f942708}</UniqueIdentifier>
    </Filter>
    <Filter Include="Header Files\Spells\SpellType">
      <UniqueIdentifier>{ff15b8de-e153-488d-be40-a50d1ef00571}</UniqueIdentifier>
    </Filter>
    <Filter Include="Source Files\Spells\SpellType">
      <UniqueIdentifier>{19e29478-bb8b-496d-949a-97e59f0c293f}</UniqueIdentifier>
    </Filter>
    <Filter Include="Source Files\Spells\SpellDamage">
      <UniqueIdentifier>{b1230d36-0ee1-487c-976f-fd9cc8ac2d9c}</UniqueIdentifier>
    </Filter>
    <Filter Include="Header Files\Spells\SpellDamage">
      <UniqueIdentifier>{abbeedb6-28e8-44ef-88fa-2a250998af25}</UniqueIdentifier>
    </Filter>
    <Filter Include="Header Files\Spells\ActualSpells">
      <UniqueIdentifier>{9dfa624c-1d45-4d5d-9ca7-33f016a2c70e}</UniqueIdentifier>
    </Filter>
    <Filter Include="Source Files\Spells\ActualSpells">
      <UniqueIdentifier>{ceb70172-863c-47d9-aced-1e62bb22630f}</UniqueIdentifier>
    </Filter>
  </ItemGroup>
  <ItemGroup>
    <ClCompile Include="..\..\..\Dread%27s Projects\GenericRPG\GenericRPG\main.cpp">
      <Filter>Source Files</Filter>
    </ClCompile>
    <ClCompile Include="..\..\..\Dread%27s Projects\GenericRPG\GenericRPG\Game\Game.cpp">
      <Filter>Source Files</Filter>
    </ClCompile>
    <ClCompile Include="..\..\..\Dread%27s Projects\GenericRPG\GenericRPG\Game\Interface.cpp">
      <Filter>Source Files</Filter>
    </ClCompile>
    <ClCompile Include="..\..\..\Dread%27s Projects\GenericRPG\GenericRPG\Game\Spells\Spell.cpp">
      <Filter>Source Files\Spells</Filter>
    </ClCompile>
    <ClCompile Include="..\..\..\Dread%27s Projects\GenericRPG\GenericRPG\Game\Spells\SpellType\DamageSpell.cpp">
      <Filter>Source Files\Spells\SpellType</Filter>
    </ClCompile>
    <ClCompile Include="..\..\..\Dread%27s Projects\GenericRPG\GenericRPG\Game\Spells\SpellDamage\FireSpell.cpp">
      <Filter>Source Files\Spells\SpellDamage</Filter>
    </ClCompile>
  </ItemGroup>
  <ItemGroup>
    <ClInclude Include="..\..\..\Dread%27s Projects\GenericRPG\GenericRPG\Game\Game.h">
      <Filter>Header Files</Filter>
    </ClInclude>
    <ClInclude Include="..\..\..\Dread%27s Projects\GenericRPG\GenericRPG\Game\includes.h">
      <Filter>Header Files</Filter>
    </ClInclude>
    <ClInclude Include="..\..\..\Dread%27s Projects\GenericRPG\GenericRPG\Game\Interface.h">
      <Filter>Header Files</Filter>
    </ClInclude>
    <ClInclude Include="..\..\..\Dread%27s Projects\GenericRPG\GenericRPG\Game\Spells\Spell.h">
      <Filter>Header Files\Spells</Filter>
    </ClInclude>
    <ClInclude Include="..\..\..\Dread%27s Projects\GenericRPG\GenericRPG\Game\Spells\SpellType\DamageSpell.h">
      <Filter>Header Files\Spells\SpellType</Filter>
    </ClInclude>
    <ClInclude Include="..\..\..\Dread%27s Projects\GenericRPG\GenericRPG\Game\Spells\SpellDamage\FireSpell.h">
      <Filter>Header Files\Spells\SpellDamage</Filter>
    </ClInclude>
  </ItemGroup>
</Project>