
Microsoft Visual Studio Solution File, Format Version 12.00
# Visual Studio 15
VisualStudioVersion = 15.0.28307.852
MinimumVisualStudioVersion = 10.0.40219.1
Project("{FAE04EC0-301F-11D3-BF4B-00C04F79EFBC}") = "ASP.Net_Ficha4", "ASP.Net_Ficha4\ASP.Net_Ficha4.csproj", "{92F99AF6-4074-4AA0-B996-5F21841FADC1}"
EndProject
Global
	GlobalSection(SolutionConfigurationPlatforms) = preSolution
		Debug|Any CPU = Debug|Any CPU
		Release|Any CPU = Release|Any CPU
	EndGlobalSection
	GlobalSection(ProjectConfigurationPlatforms) = postSolution
		{92F99AF6-4074-4AA0-B996-5F21841FADC1}.Debug|Any CPU.ActiveCfg = Debug|Any CPU
		{92F99AF6-4074-4AA0-B996-5F21841FADC1}.Debug|Any CPU.Build.0 = Debug|Any CPU
		{92F99AF6-4074-4AA0-B996-5F21841FADC1}.Release|Any CPU.ActiveCfg = Release|Any CPU
		{92F99AF6-4074-4AA0-B996-5F21841FADC1}.Release|Any CPU.Build.0 = Release|Any CPU
	EndGlobalSection
	GlobalSection(SolutionProperties) = preSolution
		HideSolutionNode = FALSE
	EndGlobalSection
	GlobalSection(ExtensibilityGlobals) = postSolution
		SolutionGuid = {95313266-0AD9-439A-B959-01602B1A6175}
	EndGlobalSection
EndGlobal
